
Microsoft Visual Studio Solution File, Format Version 11.00
# Visual C++ Express 2010
Project("{8BC9CEB8-8B4A-11D0-8D11-00A0C91BC942}") = "OCR_RTC_64", "OCR_RTC_64.vcxproj", "{9AD21429-6C2D-4208-9F59-C0BB167FD3B7}"
	ProjectSection(ProjectDependencies) = postProject
		{8F761115-4F6B-4C0A-8B39-5AB2CF39242B} = {8F761115-4F6B-4C0A-8B39-5AB2CF39242B}
	EndProjectSection
EndProject
Project("{8BC9CEB8-8B4A-11D0-8D11-00A0C91BC942}") = "OCR_Control_64", "OCR_Control_64.vcxproj", "{8F761115-4F6B-4C0A-8B39-5AB2CF39242B}"
EndProject
Global
	GlobalSection(SolutionConfigurationPlatforms) = preSolution
		Debug|Win32 = Debug|Win32
		Release|Win32 = Release|Win32
	EndGlobalSection
	GlobalSection(ProjectConfigurationPlatforms) = postSolution
		{9AD21429-6C2D-4208-9F59-C0BB167FD3B7}.Debug|Win32.ActiveCfg = Debug|Win32
		{9AD21429-6C2D-4208-9F59-C0BB167FD3B7}.Debug|Win32.Build.0 = Debug|Win32
		{9AD21429-6C2D-4208-9F59-C0BB167FD3B7}.Release|Win32.ActiveCfg = Release|Win32
		{9AD21429-6C2D-4208-9F59-C0BB167FD3B7}.Release|Win32.Build.0 = Release|Win32
		{8F761115-4F6B-4C0A-8B39-5AB2CF39242B}.Debug|Win32.ActiveCfg = Debug|Win32
		{8F761115-4F6B-4C0A-8B39-5AB2CF39242B}.Debug|Win32.Build.0 = Debug|Win32
		{8F761115-4F6B-4C0A-8B39-5AB2CF39242B}.Release|Win32.ActiveCfg = Release|Win32
		{8F761115-4F6B-4C0A-8B39-5AB2CF39242B}.Release|Win32.Build.0 = Release|Win32
	EndGlobalSection
	GlobalSection(SolutionProperties) = preSolution
		HideSolutionNode = FALSE
	EndGlobalSection
EndGlobal
